
Microsoft Visual Studio Solution File, Format Version 12.00
# Visual Studio Version 16
VisualStudioVersion = 16.0.31205.134
MinimumVisualStudioVersion = 10.0.40219.1
Project("{2150E333-8FDC-42A3-9474-1A3956D46DE8}") = "src", "src", "{67EB0022-0A35-4F05-86C4-4452D72FA364}"
EndProject
Project("{2150E333-8FDC-42A3-9474-1A3956D46DE8}") = "API", "API", "{E61075CD-1456-4902-ABEE-F0A98EA18B5A}"
EndProject
Project("{2150E333-8FDC-42A3-9474-1A3956D46DE8}") = "Core", "Core", "{11B43E39-0986-4F58-9E4F-7FA1354A2CBE}"
EndProject
Project("{2150E333-8FDC-42A3-9474-1A3956D46DE8}") = "Infrastucture", "Infrastucture", "{0E16FCE9-FF29-43F1-B83A-E172B3B7BF8C}"
EndProject
Project("{2150E333-8FDC-42A3-9474-1A3956D46DE8}") = "tests", "tests", "{E5FDEB48-6E00-4B31-9B9E-367CF7354BAF}"
EndProject
Project("{2150E333-8FDC-42A3-9474-1A3956D46DE8}") = "Application", "Application", "{1A4A9CC4-0A78-4DB8-8968-86E1ED7055CF}"
EndProject
Project("{2150E333-8FDC-42A3-9474-1A3956D46DE8}") = "Domain", "Domain", "{A0CF5605-8B57-4B85-A2E5-1274A906CF0B}"
EndProject
Project("{9A19103F-16F7-4668-BE54-9A1E7A4F7556}") = "Gifter.API", "Gifter.API\Gifter.API.csproj", "{FC90185E-682B-4168-BE0C-75E5A0135BCE}"
EndProject
Project("{9A19103F-16F7-4668-BE54-9A1E7A4F7556}") = "Gifter.Domain", "Gifter.Domain\Gifter.Domain.csproj", "{D879DA0D-E5AB-4615-81C0-1775E46ED383}"
EndProject
Project("{9A19103F-16F7-4668-BE54-9A1E7A4F7556}") = "Gifter.Application.Common", "Gifter.Application.Common\Gifter.Application.Common.csproj", "{6C889013-263F-4EEA-AD9B-2123BF9EB6F7}"
EndProject
Project("{FAE04EC0-301F-11D3-BF4B-00C04F79EFBC}") = "Gifter.Application.Contracts", "Gifter.Application.Contracts\Gifter.Application.Contracts.csproj", "{BF678B31-8617-49A6-B288-226A8C077359}"
EndProject
Global
	GlobalSection(SolutionConfigurationPlatforms) = preSolution
		Debug|Any CPU = Debug|Any CPU
		Release|Any CPU = Release|Any CPU
	EndGlobalSection
	GlobalSection(ProjectConfigurationPlatforms) = postSolution
		{FC90185E-682B-4168-BE0C-75E5A0135BCE}.Debug|Any CPU.ActiveCfg = Debug|Any CPU
		{FC90185E-682B-4168-BE0C-75E5A0135BCE}.Debug|Any CPU.Build.0 = Debug|Any CPU
		{FC90185E-682B-4168-BE0C-75E5A0135BCE}.Release|Any CPU.ActiveCfg = Release|Any CPU
		{FC90185E-682B-4168-BE0C-75E5A0135BCE}.Release|Any CPU.Build.0 = Release|Any CPU
		{D879DA0D-E5AB-4615-81C0-1775E46ED383}.Debug|Any CPU.ActiveCfg = Debug|Any CPU
		{D879DA0D-E5AB-4615-81C0-1775E46ED383}.Debug|Any CPU.Build.0 = Debug|Any CPU
		{D879DA0D-E5AB-4615-81C0-1775E46ED383}.Release|Any CPU.ActiveCfg = Release|Any CPU
		{D879DA0D-E5AB-4615-81C0-1775E46ED383}.Release|Any CPU.Build.0 = Release|Any CPU
		{6C889013-263F-4EEA-AD9B-2123BF9EB6F7}.Debug|Any CPU.ActiveCfg = Debug|Any CPU
		{6C889013-263F-4EEA-AD9B-2123BF9EB6F7}.Debug|Any CPU.Build.0 = Debug|Any CPU
		{6C889013-263F-4EEA-AD9B-2123BF9EB6F7}.Release|Any CPU.ActiveCfg = Release|Any CPU
		{6C889013-263F-4EEA-AD9B-2123BF9EB6F7}.Release|Any CPU.Build.0 = Release|Any CPU
		{BF678B31-8617-49A6-B288-226A8C077359}.Debug|Any CPU.ActiveCfg = Debug|Any CPU
		{BF678B31-8617-49A6-B288-226A8C077359}.Debug|Any CPU.Build.0 = Debug|Any CPU
		{BF678B31-8617-49A6-B288-226A8C077359}.Release|Any CPU.ActiveCfg = Release|Any CPU
		{BF678B31-8617-49A6-B288-226A8C077359}.Release|Any CPU.Build.0 = Release|Any CPU
	EndGlobalSection
	GlobalSection(SolutionProperties) = preSolution
		HideSolutionNode = FALSE
	EndGlobalSection
	GlobalSection(NestedProjects) = preSolution
		{E61075CD-1456-4902-ABEE-F0A98EA18B5A} = {67EB0022-0A35-4F05-86C4-4452D72FA364}
		{11B43E39-0986-4F58-9E4F-7FA1354A2CBE} = {67EB0022-0A35-4F05-86C4-4452D72FA364}
		{0E16FCE9-FF29-43F1-B83A-E172B3B7BF8C} = {67EB0022-0A35-4F05-86C4-4452D72FA364}
		{1A4A9CC4-0A78-4DB8-8968-86E1ED7055CF} = {11B43E39-0986-4F58-9E4F-7FA1354A2CBE}
		{A0CF5605-8B57-4B85-A2E5-1274A906CF0B} = {11B43E39-0986-4F58-9E4F-7FA1354A2CBE}
		{FC90185E-682B-4168-BE0C-75E5A0135BCE} = {E61075CD-1456-4902-ABEE-F0A98EA18B5A}
		{D879DA0D-E5AB-4615-81C0-1775E46ED383} = {A0CF5605-8B57-4B85-A2E5-1274A906CF0B}
		{6C889013-263F-4EEA-AD9B-2123BF9EB6F7} = {1A4A9CC4-0A78-4DB8-8968-86E1ED7055CF}
		{BF678B31-8617-49A6-B288-226A8C077359} = {1A4A9CC4-0A78-4DB8-8968-86E1ED7055CF}
	EndGlobalSection
	GlobalSection(ExtensibilityGlobals) = postSolution
		SolutionGuid = {CB95F74E-F869-4701-937D-E4E1C2658D87}
	EndGlobalSection
EndGlobal
