
Microsoft Visual Studio Solution File, Format Version 12.00
# Visual Studio Version 16
VisualStudioVersion = 16.0.31205.134
MinimumVisualStudioVersion = 10.0.40219.1
Project("{9A19103F-16F7-4668-BE54-9A1E7A4F7556}") = "SampleDotNetWithAngular", "SampleDotNetWithAngular\SampleDotNetWithAngular.csproj", "{A30C4A33-A87C-4095-932A-81D6FD9BF6D7}"
EndProject
Project("{FAE04EC0-301F-11D3-BF4B-00C04F79EFBC}") = "SampleDotNet.Tests", "SampleDotNet.Tests\SampleDotNet.Tests.csproj", "{20E32006-1287-4F9C-B308-02995DCC9F26}"
EndProject
Global
	GlobalSection(SolutionConfigurationPlatforms) = preSolution
		Debug|Any CPU = Debug|Any CPU
		Release|Any CPU = Release|Any CPU
	EndGlobalSection
	GlobalSection(ProjectConfigurationPlatforms) = postSolution
		{A30C4A33-A87C-4095-932A-81D6FD9BF6D7}.Debug|Any CPU.ActiveCfg = Debug|Any CPU
		{A30C4A33-A87C-4095-932A-81D6FD9BF6D7}.Debug|Any CPU.Build.0 = Debug|Any CPU
		{A30C4A33-A87C-4095-932A-81D6FD9BF6D7}.Release|Any CPU.ActiveCfg = Release|Any CPU
		{A30C4A33-A87C-4095-932A-81D6FD9BF6D7}.Release|Any CPU.Build.0 = Release|Any CPU
		{20E32006-1287-4F9C-B308-02995DCC9F26}.Debug|Any CPU.ActiveCfg = Debug|Any CPU
		{20E32006-1287-4F9C-B308-02995DCC9F26}.Debug|Any CPU.Build.0 = Debug|Any CPU
		{20E32006-1287-4F9C-B308-02995DCC9F26}.Release|Any CPU.ActiveCfg = Release|Any CPU
		{20E32006-1287-4F9C-B308-02995DCC9F26}.Release|Any CPU.Build.0 = Release|Any CPU
	EndGlobalSection
	GlobalSection(SolutionProperties) = preSolution
		HideSolutionNode = FALSE
	EndGlobalSection
	GlobalSection(ExtensibilityGlobals) = postSolution
		SolutionGuid = {B687EB6F-6A18-4817-BF4F-8BA3547433A8}
	EndGlobalSection
EndGlobal
